
Microsoft Visual Studio Solution File, Format Version 11.00
# Visual Studio 2010
Project("{FAE04EC0-301F-11D3-BF4B-00C04F79EFBC}") = "ProgrammingAssignment6", "ProgrammingAssignment6.csproj", "{B39862C9-E1A2-4A8F-9F77-CAD6AB68686D}"
EndProject
Global
	GlobalSection(SolutionConfigurationPlatforms) = preSolution
		Debug|x86 = Debug|x86
		Release|x86 = Release|x86
	EndGlobalSection
	GlobalSection(ProjectConfigurationPlatforms) = postSolution
		{B39862C9-E1A2-4A8F-9F77-CAD6AB68686D}.Debug|x86.ActiveCfg = Debug|x86
		{B39862C9-E1A2-4A8F-9F77-CAD6AB68686D}.Debug|x86.Build.0 = Debug|x86
		{B39862C9-E1A2-4A8F-9F77-CAD6AB68686D}.Release|x86.ActiveCfg = Release|x86
		{B39862C9-E1A2-4A8F-9F77-CAD6AB68686D}.Release|x86.Build.0 = Release|x86
	EndGlobalSection
	GlobalSection(MonoDevelopProperties) = preSolution
		StartupItem = ProgrammingAssignment6.csproj
	EndGlobalSection
EndGlobal
